
Microsoft Visual Studio Solution File, Format Version 12.00
# Visual Studio Version 17
VisualStudioVersion = 17.3.32811.315
MinimumVisualStudioVersion = 10.0.40219.1
Project("{9A19103F-16F7-4668-BE54-9A1E7A4F7556}") = "NewGains.API", "NewGains.API\NewGains.API.csproj", "{7F8CA6DF-F598-4248-888D-2848BDB90649}"
EndProject
Project("{9A19103F-16F7-4668-BE54-9A1E7A4F7556}") = "NewGains.Core", "NewGains.Core\NewGains.Core.csproj", "{D43BD03F-178D-4655-810E-04B5F10CBC53}"
EndProject
Project("{9A19103F-16F7-4668-BE54-9A1E7A4F7556}") = "NewGains.DataAccess", "NewGains.DataAccess\NewGains.DataAccess.csproj", "{6E99ACD0-3D54-4933-9D4F-A6DAF92B9F1C}"
EndProject
Project("{FAE04EC0-301F-11D3-BF4B-00C04F79EFBC}") = "NewGains.Client", "NewGains.Client\NewGains.Client.csproj", "{4C2DBF7F-78F6-4A52-832C-2E9760F85BE4}"
EndProject
Project("{FAE04EC0-301F-11D3-BF4B-00C04F79EFBC}") = "NewGains.DataTransfer", "NewGains.DataTransfer\NewGains.DataTransfer.csproj", "{B0DE066E-87F6-49C3-9A2D-BCD95B6C3B61}"
EndProject
Global
	GlobalSection(SolutionConfigurationPlatforms) = preSolution
		Debug|Any CPU = Debug|Any CPU
		Release|Any CPU = Release|Any CPU
	EndGlobalSection
	GlobalSection(ProjectConfigurationPlatforms) = postSolution
		{7F8CA6DF-F598-4248-888D-2848BDB90649}.Debug|Any CPU.ActiveCfg = Debug|Any CPU
		{7F8CA6DF-F598-4248-888D-2848BDB90649}.Debug|Any CPU.Build.0 = Debug|Any CPU
		{7F8CA6DF-F598-4248-888D-2848BDB90649}.Release|Any CPU.ActiveCfg = Release|Any CPU
		{7F8CA6DF-F598-4248-888D-2848BDB90649}.Release|Any CPU.Build.0 = Release|Any CPU
		{D43BD03F-178D-4655-810E-04B5F10CBC53}.Debug|Any CPU.ActiveCfg = Debug|Any CPU
		{D43BD03F-178D-4655-810E-04B5F10CBC53}.Debug|Any CPU.Build.0 = Debug|Any CPU
		{D43BD03F-178D-4655-810E-04B5F10CBC53}.Release|Any CPU.ActiveCfg = Release|Any CPU
		{D43BD03F-178D-4655-810E-04B5F10CBC53}.Release|Any CPU.Build.0 = Release|Any CPU
		{6E99ACD0-3D54-4933-9D4F-A6DAF92B9F1C}.Debug|Any CPU.ActiveCfg = Debug|Any CPU
		{6E99ACD0-3D54-4933-9D4F-A6DAF92B9F1C}.Debug|Any CPU.Build.0 = Debug|Any CPU
		{6E99ACD0-3D54-4933-9D4F-A6DAF92B9F1C}.Release|Any CPU.ActiveCfg = Release|Any CPU
		{6E99ACD0-3D54-4933-9D4F-A6DAF92B9F1C}.Release|Any CPU.Build.0 = Release|Any CPU
		{4C2DBF7F-78F6-4A52-832C-2E9760F85BE4}.Debug|Any CPU.ActiveCfg = Debug|Any CPU
		{4C2DBF7F-78F6-4A52-832C-2E9760F85BE4}.Debug|Any CPU.Build.0 = Debug|Any CPU
		{4C2DBF7F-78F6-4A52-832C-2E9760F85BE4}.Release|Any CPU.ActiveCfg = Release|Any CPU
		{4C2DBF7F-78F6-4A52-832C-2E9760F85BE4}.Release|Any CPU.Build.0 = Release|Any CPU
		{B0DE066E-87F6-49C3-9A2D-BCD95B6C3B61}.Debug|Any CPU.ActiveCfg = Debug|Any CPU
		{B0DE066E-87F6-49C3-9A2D-BCD95B6C3B61}.Debug|Any CPU.Build.0 = Debug|Any CPU
		{B0DE066E-87F6-49C3-9A2D-BCD95B6C3B61}.Release|Any CPU.ActiveCfg = Release|Any CPU
		{B0DE066E-87F6-49C3-9A2D-BCD95B6C3B61}.Release|Any CPU.Build.0 = Release|Any CPU
	EndGlobalSection
	GlobalSection(SolutionProperties) = preSolution
		HideSolutionNode = FALSE
	EndGlobalSection
	GlobalSection(ExtensibilityGlobals) = postSolution
		SolutionGuid = {0D3ACA2B-FE4C-4CDA-8087-6C197323380A}
	EndGlobalSection
EndGlobal
